
Microsoft Visual Studio Solution File, Format Version 12.00
Project("{FAE04EC0-301F-11D3-BF4B-00C04F79EFBC}") = "GrpcDemo.Server", "GrpcDemo.Server\GrpcDemo.Server.csproj", "{54432BF7-497F-4945-9D35-503D11680F0C}"
EndProject
Project("{FAE04EC0-301F-11D3-BF4B-00C04F79EFBC}") = "GrpcDemo.Client", "GrpcDemo.Client\GrpcDemo.Client.csproj", "{3A722EEA-DF69-474B-94E9-27DF4E05F170}"
EndProject
Project("{FAE04EC0-301F-11D3-BF4B-00C04F79EFBC}") = "GrpcDemo.Dashboard", "GrpcDemo.Dashboard\GrpcDemo.Dashboard.csproj", "{C831E291-F85B-48D1-9821-B6746AF66BFC}"
EndProject
Global
	GlobalSection(SolutionConfigurationPlatforms) = preSolution
		Debug|Any CPU = Debug|Any CPU
		Release|Any CPU = Release|Any CPU
	EndGlobalSection
	GlobalSection(ProjectConfigurationPlatforms) = postSolution
		{54432BF7-497F-4945-9D35-503D11680F0C}.Debug|Any CPU.ActiveCfg = Debug|Any CPU
		{54432BF7-497F-4945-9D35-503D11680F0C}.Debug|Any CPU.Build.0 = Debug|Any CPU
		{54432BF7-497F-4945-9D35-503D11680F0C}.Release|Any CPU.ActiveCfg = Release|Any CPU
		{54432BF7-497F-4945-9D35-503D11680F0C}.Release|Any CPU.Build.0 = Release|Any CPU
		{3A722EEA-DF69-474B-94E9-27DF4E05F170}.Debug|Any CPU.ActiveCfg = Debug|Any CPU
		{3A722EEA-DF69-474B-94E9-27DF4E05F170}.Debug|Any CPU.Build.0 = Debug|Any CPU
		{3A722EEA-DF69-474B-94E9-27DF4E05F170}.Release|Any CPU.ActiveCfg = Release|Any CPU
		{3A722EEA-DF69-474B-94E9-27DF4E05F170}.Release|Any CPU.Build.0 = Release|Any CPU
		{C831E291-F85B-48D1-9821-B6746AF66BFC}.Debug|Any CPU.ActiveCfg = Debug|Any CPU
		{C831E291-F85B-48D1-9821-B6746AF66BFC}.Debug|Any CPU.Build.0 = Debug|Any CPU
		{C831E291-F85B-48D1-9821-B6746AF66BFC}.Release|Any CPU.ActiveCfg = Release|Any CPU
		{C831E291-F85B-48D1-9821-B6746AF66BFC}.Release|Any CPU.Build.0 = Release|Any CPU
	EndGlobalSection
EndGlobal
